github.com/LimakMiRose/greetings v0.0.0-20240416104205-22ef81f06b80 h1:im3tOmqIAFP1VlWguhLDyE+s+hJ8fEGo51jcP+PVcFk=
github.com/LimakMiRose/greetings v0.0.0-20240416104205-22ef81f06b80/go.mod h1:zpj2+OFfD9gw616jjsYe40LzegRo1CEYrBV7Vyiv1ho=
github.com/LimakMiRose/greetings v0.0.0-20240416115240-95d9607fb85e h1:kkpgNVHm82JnO+zAqzWnFaZwYmlEgBxbOFvHQqiss+M=
github.com/LimakMiRose/greetings v0.0.0-20240416115240-95d9607fb85e/go.mod h1:zpj2+OFfD9gw616jjsYe40LzegRo1CEYrBV7Vyiv1ho=
